
Microsoft Visual Studio Solution File, Format Version 12.00
# Visual Studio Version 16
VisualStudioVersion = 16.0.31729.503
MinimumVisualStudioVersion = 10.0.40219.1
Project("{FAE04EC0-301F-11D3-BF4B-00C04F79EFBC}") = "93-IngresoDeValoresArrayPorPantalla", "93-IngresoDeValoresArrayPorPantalla.csproj", "{BB8E079E-EE0B-4EAF-B7F6-3FD94674E7F3}"
EndProject
Global
	GlobalSection(SolutionConfigurationPlatforms) = preSolution
		Debug|Any CPU = Debug|Any CPU
		Release|Any CPU = Release|Any CPU
	EndGlobalSection
	GlobalSection(ProjectConfigurationPlatforms) = postSolution
		{BB8E079E-EE0B-4EAF-B7F6-3FD94674E7F3}.Debug|Any CPU.ActiveCfg = Debug|Any CPU
		{BB8E079E-EE0B-4EAF-B7F6-3FD94674E7F3}.Debug|Any CPU.Build.0 = Debug|Any CPU
		{BB8E079E-EE0B-4EAF-B7F6-3FD94674E7F3}.Release|Any CPU.ActiveCfg = Release|Any CPU
		{BB8E079E-EE0B-4EAF-B7F6-3FD94674E7F3}.Release|Any CPU.Build.0 = Release|Any CPU
	EndGlobalSection
	GlobalSection(SolutionProperties) = preSolution
		HideSolutionNode = FALSE
	EndGlobalSection
	GlobalSection(ExtensibilityGlobals) = postSolution
		SolutionGuid = {752E459F-6951-4E74-A1DF-B44F1D3B8258}
	EndGlobalSection
EndGlobal
